
Microsoft Visual Studio Solution File, Format Version 12.00
# Visual Studio 15
VisualStudioVersion = 15.0.27703.2047
MinimumVisualStudioVersion = 10.0.40219.1
Project("{FAE04EC0-301F-11D3-BF4B-00C04F79EFBC}") = "CJenkins", "CJenkins\CJenkins.csproj", "{4AC334F6-C033-4BDE-B754-DA965CB4659D}"
EndProject
Global
	GlobalSection(SolutionConfigurationPlatforms) = preSolution
		Debug|Any CPU = Debug|Any CPU
		Release|Any CPU = Release|Any CPU
	EndGlobalSection
	GlobalSection(ProjectConfigurationPlatforms) = postSolution
		{4AC334F6-C033-4BDE-B754-DA965CB4659D}.Debug|Any CPU.ActiveCfg = Debug|Any CPU
		{4AC334F6-C033-4BDE-B754-DA965CB4659D}.Debug|Any CPU.Build.0 = Debug|Any CPU
		{4AC334F6-C033-4BDE-B754-DA965CB4659D}.Release|Any CPU.ActiveCfg = Release|Any CPU
		{4AC334F6-C033-4BDE-B754-DA965CB4659D}.Release|Any CPU.Build.0 = Release|Any CPU
	EndGlobalSection
	GlobalSection(SolutionProperties) = preSolution
		HideSolutionNode = FALSE
	EndGlobalSection
	GlobalSection(ExtensibilityGlobals) = postSolution
		SolutionGuid = {D2229295-A997-4F4F-AAA2-7817D7165B55}
	EndGlobalSection
EndGlobal
